<?xml version="1.0" encoding="utf-8"?>
<Project ToolsVersion="4.0" xmlns="http://schemas.microsoft.com/developer/msbuild/2003">
  <ItemGroup>
    <Filter Include="Header Files">
      <UniqueIdentifier>{4d8b9e2d-851d-44f3-a72e-e8808ba96b13}</UniqueIdentifier>
    </Filter>
    <Filter Include="Source Files">
      <UniqueIdentifier>{283f680f-8b19-4f30-85c2-547499314ecc}</UniqueIdentifier>
    </Filter>
  </ItemGroup>
  <ItemGroup>
    <ClCompile Include="source\main.cpp">
      <Filter>Source Files</Filter>
    </ClCompile>
    <ClCompile Include="dependencies\include\glad\glad.c">
      <Filter>Header Files</Filter>
    </ClCompile>
    <ClCompile Include="dependencies\include\stb\stb.cpp">
      <Filter>Source Files</Filter>
    </ClCompile>
    <ClCompile Include="source\matrix.cpp">
      <Filter>Source Files</Filter>
    </ClCompile>
    <ClCompile Include="source\vector.cpp">
      <Filter>Source Files</Filter>
    </ClCompile>
    <ClCompile Include="source\object.cpp">
      <Filter>Source Files</Filter>
    </ClCompile>
    <ClCompile Include="source\utility.cpp">
      <Filter>Source Files</Filter>
    </ClCompile>
    <ClCompile Include="source\application.cpp">
      <Filter>Source Files</Filter>
    </ClCompile>
    <ClCompile Include="source\context.cpp">
      <Filter>Source Files</Filter>
    </ClCompile>
    <ClCompile Include="source\input.cpp">
      <Filter>Source Files</Filter>
    </ClCompile>
    <ClCompile Include="dependencies\include\NDS\nds.cpp">
      <Filter>Source Files</Filter>
    </ClCompile>
  </ItemGroup>
  <ItemGroup>
    <ClInclude Include="dependencies\include\glad\glad.h">
      <Filter>Header Files</Filter>
    </ClInclude>
    <ClInclude Include="dependencies\include\GLFW\glfw3.h">
      <Filter>Header Files</Filter>
    </ClInclude>
    <ClInclude Include="dependencies\include\GLFW\glfw3native.h">
      <Filter>Header Files</Filter>
    </ClInclude>
    <ClInclude Include="dependencies\include\KHR\khrplatform.h">
      <Filter>Header Files</Filter>
    </ClInclude>
    <ClInclude Include="source\matrix.h">
      <Filter>Header Files</Filter>
    </ClInclude>
    <ClInclude Include="source\vector.h">
      <Filter>Header Files</Filter>
    </ClInclude>
    <ClInclude Include="source\object.h">
      <Filter>Header Files</Filter>
    </ClInclude>
    <ClInclude Include="source\utility.h">
      <Filter>Header Files</Filter>
    </ClInclude>
    <ClInclude Include="source\application.h">
      <Filter>Header Files</Filter>
    </ClInclude>
    <ClInclude Include="source\context.h">
      <Filter>Header Files</Filter>
    </ClInclude>
    <ClInclude Include="source\input.h">
      <Filter>Header Files</Filter>
    </ClInclude>
    <ClInclude Include="dependencies\include\NDS\nds.h">
      <Filter>Header Files</Filter>
    </ClInclude>
  </ItemGroup>
</Project>